{
    "_meta": {
        "hash": {
            "sha256": "57cbb4078f18dcccfd6a7a197fa4ec6d66040bc41f2bead0d43af349b57a6bac"
        },
        "pipfile-spec": 6,
        "requires": {},
        "sources": [
            {
                "name": "pypi",
                "url": "https://pypi.org/simple",
                "verify_ssl": true
            }
        ]
    },
    "default": {
        "appdirs": {
            "hashes": [
                "sha256:7d5d0167b2b1ba821647616af46a749d1c653740dd0d2415100fe26e27afdf41",
                "sha256:a841dacd6b99318a741b166adb07e19ee71a274450e68237b4650ca1055ab128"
            ],
            "index": "pypi",
            "version": "==1.4.4"
        },
        "attrs": {
            "hashes": [
                "sha256:31b2eced602aa8423c2aea9c76a724617ed67cf9513173fd3a4f03e3a929c7e6",
                "sha256:832aa3cde19744e49938b91fea06d69ecb9e649c93ba974535d08ad92164f700"
            ],
            "markers": "python_version >= '2.7' and python_version not in '3.0, 3.1, 3.2, 3.3'",
            "version": "==20.3.0"
        },
        "brotli": {
            "hashes": [
                "sha256:160c78292e98d21e73a4cc7f76a234390e516afcd982fa17e1422f7c6a9ce9c8",
                "sha256:16d528a45c2e1909c2798f27f7bf0a3feec1dc9e50948e738b961618e38b6a7b",
                "sha256:1c48472a6ba3b113452355b9af0a60da5c2ae60477f8feda8346f8fd48e3e87c",
                "sha256:268fe94547ba25b58ebc724680609c8ee3e5a843202e9a381f6f9c5e8bdb5c70",
                "sha256:269a5743a393c65db46a7bb982644c67ecba4b8d91b392403ad8a861ba6f495f",
                "sha256:35a3edbe18e876e596553c4007a087f8bcfd538f19bc116917b3c7522fca0429",
                "sha256:3b78a24b5fd13c03ee2b7b86290ed20efdc95da75a3557cc06811764d5ad1126",
                "sha256:40d15c79f42e0a2c72892bf407979febd9cf91f36f495ffb333d1d04cebb34e4",
                "sha256:4d1b810aa0ed773f81dceda2cc7b403d01057458730e309856356d4ef4188438",
                "sha256:503fa6af7da9f4b5780bb7e4cbe0c639b010f12be85d02c99452825dd0feef3f",
                "sha256:56d027eace784738457437df7331965473f2c0da2c70e1a1f6fdbae5402e0389",
                "sha256:5913a1177fc36e30fcf6dc868ce23b0453952c78c04c266d3149b3d39e1410d6",
                "sha256:5b6ef7d9f9c38292df3690fe3e302b5b530999fa90014853dcd0d6902fb59f26",
                "sha256:5cb1e18167792d7d21e21365d7650b72d5081ed476123ff7b8cac7f45189c0c7",
                "sha256:61a7ee1f13ab913897dac7da44a73c6d44d48a4adff42a5701e3239791c96e14",
                "sha256:68715970f16b6e92c574c30747c95cf8cf62804569647386ff032195dc89a430",
                "sha256:6b2ae9f5f67f89aade1fab0f7fd8f2832501311c363a21579d02defa844d9296",
                "sha256:6c772d6c0a79ac0f414a9f8947cc407e119b8598de7621f39cacadae3cf57d12",
                "sha256:7cb81373984cc0e4682f31bc3d6be9026006d96eecd07ea49aafb06897746452",
                "sha256:854c33dad5ba0fbd6ab69185fec8dab89e13cda6b7d191ba111987df74f38761",
                "sha256:88c63a1b55f352b02c6ffd24b15ead9fc0e8bf781dbe070213039324922a2eea",
                "sha256:93130612b837103e15ac3f9cbacb4613f9e348b58b3aad53721d92e57f96d46a",
                "sha256:97f715cf371b16ac88b8c19da00029804e20e25f30d80203417255d239f228b5",
                "sha256:9d12cf2851759b8de8ca5fde36a59c08210a97ffca0eb94c532ce7b17c6a3d1d",
                "sha256:afde17ae04d90fbe53afb628f7f2d4ca022797aa093e809de5c3cf276f61bbfa",
                "sha256:b663f1e02de5d0573610756398e44c130add0eb9a3fc912a09665332942a2efb",
                "sha256:c2415d9d082152460f2bd4e382a1e85aed233abc92db5a3880da2257dc7daf7b",
                "sha256:c83aa123d56f2e060644427a882a36b3c12db93727ad7a7b9efd7d7f3e9cc2c4",
                "sha256:cfc391f4429ee0a9370aa93d812a52e1fee0f37a81861f4fdd1f4fb28e8547c3",
                "sha256:db844eb158a87ccab83e868a762ea8024ae27337fc7ddcbfcddd157f841fdfe7",
                "sha256:defed7ea5f218a9f2336301e6fd379f55c655bea65ba2476346340a0ce6f74a1",
                "sha256:f909bbbc433048b499cb9db9e713b5d8d949e8c109a2a548502fb9aa8630f0b1"
            ],
            "version": "==1.0.9"
        },
        "certifi": {
            "hashes": [
                "sha256:1a4995114262bffbc2413b159f2a1a480c969de6e6eb13ee966d470af86af59c",
                "sha256:719a74fb9e33b9bd44cc7f3a8d94bc35e4049deebe19ba7d8e108280cfd59830"
            ],
            "version": "==2020.12.5"
        },
        "click": {
            "hashes": [
                "sha256:d2b5255c7c6349bc1bd1e59e08cd12acbbd63ce649f2588755783aa94dfb6b1a",
                "sha256:dacca89f4bfadd5de3d7489b7c8a566eee0d3676333fbb50030263894c38c0dc"
            ],
            "markers": "python_version >= '2.7' and python_version not in '3.0, 3.1, 3.2, 3.3, 3.4'",
            "version": "==7.1.2"
        },
        "click-plugins": {
            "hashes": [
                "sha256:46ab999744a9d831159c3411bb0c79346d94a444df9a3a3742e9ed63645f264b",
                "sha256:5d262006d3222f5057fd81e1623d4443e41dcda5dc815c06b442aa3c02889fc8"
            ],
            "version": "==1.1.1"
        },
        "cligj": {
            "hashes": [
                "sha256:07171c1e287f45511f97df4ea071abc5d19924153413d5683a8e4866369bc676",
                "sha256:b2f1f7247d59a5387bd3013a08b9ed6829e96fafa4a6e6292341efdb46fe6220"
            ],
            "markers": "python_version >= '2.7' and python_version not in '3.0, 3.1, 3.2, 3.3' and python_version < '4'",
            "version": "==0.7.1"
        },
        "dash": {
            "hashes": [
                "sha256:ba7307f94795fee844551791d401073d4e9b8d71596b37d54e131cec044268ef"
            ],
            "index": "pypi",
            "version": "==1.19.0"
        },
        "dash-bootstrap-components": {
            "hashes": [
                "sha256:3ca88b874aafd18338dc76ca0fa8424b1fb3a3f96a2a13093ce24e67c8ae9507",
                "sha256:646a0fed538dd8790d23e3e439f8ccad0d0d7a4071bdee0dce9b2276b9f13a52"
            ],
            "index": "pypi",
            "version": "==0.11.2"
        },
        "dash-core-components": {
            "hashes": [
                "sha256:b61cb37322de91b4feb0d4d823694cbba8686f6459db774b53d553135350c71e"
            ],
            "version": "==1.15.0"
        },
        "dash-html-components": {
            "hashes": [
                "sha256:83eaa39667b7c3e6cbefa360743e6e536d913269ea15db14308ad022c78bc301"
            ],
            "version": "==1.1.2"
        },
        "dash-renderer": {
            "hashes": [
                "sha256:3c5519a781beb2261ee73b2d193bef6f212697636f204acd7d58cd986ba88e30"
            ],
            "version": "==1.9.0"
        },
        "dash-table": {
            "hashes": [
                "sha256:90fbdd12eaaf657aa80d429263de4bbeef982649eb5981ebeb2410d67c1d20eb"
            ],
            "version": "==4.11.2"
        },
        "fastdtw": {
            "hashes": [
                "sha256:2350fa6ec36bcad186eaf81f46eff35181baf04e324f522de8aeb43d0243f64f",
                "sha256:28918c163dce9e736e09252a02073fce712bc4c7aa18f2a45d882cca84da2dbb"
            ],
            "index": "pypi",
            "version": "==0.3.4"
        },
        "fiona": {
            "hashes": [
                "sha256:1c26f38bfbcd51e710c361f26db605ccf2b5f2a7967e0f4a88683cac3845c947",
                "sha256:67df21101e185bbb611846138a3094ee3196b746aa336be3db3a64d7971b8fed",
                "sha256:8891d25bcb795eec2294390b56426fded566bcc8ed3730dac7e7a61cde71f1b5",
                "sha256:8a818fa6cd1ae7ef3b3061ca8f52b694557d2fcf303d7c5431dd961ea09a5ccf",
                "sha256:9fdaaebd5b1b2dd59a0bce9f8ca3e3fba3ef86346be603985590773e4822a543",
                "sha256:a3de7c1da06bc036dcd8954fa30e089587af335d4e549539169b1de9fe8badba",
                "sha256:b5a77bcd113dfa2424ff97190b3dc907640777615490e55777e8042a5b84ed78",
                "sha256:b732ece0ff8886a29c439723a3e1fc382718804bb057519d537a81308854967a",
                "sha256:c0ec331f9cf43bb3399d41a04f8b7ee5ebddea93de3e780fba98f3bf75b39eb3",
                "sha256:c64cc0bab040c3a2aec12edd2e1407e3b52609117d9a9a471e3d25172abb1e5e",
                "sha256:e34612996121a66559fac9013fd30d8200ed17df54c71edf63461a8b6f519cf5"
            ],
            "index": "pypi",
            "version": "==1.8.18"
        },
        "fitdecode": {
            "hashes": [
                "sha256:53dc1b3ce10f89908d0fce417dfc1367a6573622b5476f521970f4b5bd50d069",
                "sha256:98510ab30b778011017e99995f509061ab5723036b8ef322b6ca3531b7721559"
            ],
            "index": "pypi",
            "version": "==0.7.0"
        },
        "flask": {
            "hashes": [
                "sha256:4efa1ae2d7c9865af48986de8aeb8504bf32c7f3d6fdc9353d34b21f4b127060",
                "sha256:8a4fdd8936eba2512e9c85df320a37e694c93945b33ef33c89946a340a238557"
            ],
            "index": "pypi",
            "version": "==1.1.2"
        },
        "flask-compress": {
            "hashes": [
                "sha256:c132590e7c948877a96d675c13cbfa64edec0faafa2381678dea6f36aa49a552",
                "sha256:fda1b8a834176c485c7018a4b9326599311afbaaa08a715771c1fd9021f871fa"
            ],
            "version": "==1.8.0"
        },
        "flask-wtf": {
            "hashes": [
                "sha256:57b3faf6fe5d6168bda0c36b0df1d05770f8e205e18332d0376ddb954d17aef2",
                "sha256:d417e3a0008b5ba583da1763e4db0f55a1269d9dd91dcc3eb3c026d3c5dbd720"
            ],
            "index": "pypi",
            "version": "==0.14.3"
        },
        "future": {
            "hashes": [
                "sha256:b1bead90b70cf6ec3f0710ae53a525360fa360d306a86583adc6bf83a4db537d"
            ],
            "markers": "python_version >= '2.6' and python_version not in '3.0, 3.1, 3.2, 3.3'",
            "version": "==0.18.2"
        },
        "geopandas": {
            "hashes": [
                "sha256:8f53aa98e4ddb054afc46d289c930e96267d32c35c3dc685721ec2fddee77e60",
                "sha256:aa9ae82e4e6b52efa244bd4b8bd2363d66693e5592ad1a0f52b6afa8c36348cb"
            ],
            "index": "pypi",
            "version": "==0.8.2"
        },
        "gpxpy": {
            "hashes": [
                "sha256:0832041899cdfdc5a607291bbef3d73042e16ffcecc3f2cb9631b699db0bb53f"
            ],
            "index": "pypi",
            "version": "==1.4.2"
        },
        "itsdangerous": {
            "hashes": [
                "sha256:321b033d07f2a4136d3ec762eac9f16a10ccd60f53c0c91af90217ace7ba1f19",
                "sha256:b12271b2047cb23eeb98c8b5622e2e5c5e9abd9784a153e9d8ef9cb4dd09d749"
            ],
            "markers": "python_version >= '2.7' and python_version not in '3.0, 3.1, 3.2, 3.3'",
            "version": "==1.1.0"
        },
        "jinja2": {
            "hashes": [
                "sha256:03e47ad063331dd6a3f04a43eddca8a966a26ba0c5b7207a9a9e4e08f1b29419",
                "sha256:a6d58433de0ae800347cab1fa3043cebbabe8baa9d29e668f1c768cb87a333c6"
            ],
            "markers": "python_version >= '2.7' and python_version not in '3.0, 3.1, 3.2, 3.3, 3.4'",
            "version": "==2.11.3"
        },
        "kaleido": {
            "hashes": [
                "sha256:6a73cd4a69609490f7e13e43e77724d254aef28b062babad120b32e6f32968c2",
                "sha256:8d0403b1eb21080e09d6d728c1ea7170fd4763c415fe89dfea6edf35ec36f8e7",
                "sha256:949e3fc01c56cdca0226e866277cfb5e1b4bf66b5d4045ca43a3211f61bc8446",
                "sha256:c583ed02b2c50a17e11ee3faec76f7d5f9898f8915f8877b583c5f83d0094e91",
                "sha256:f3de8e08764115f529351208d689ff80523aa1e9fc0018d342af857f94e3b44e"
            ],
            "index": "pypi",
            "version": "==0.1.0"
        },
        "lxml": {
            "hashes": [
                "sha256:0448576c148c129594d890265b1a83b9cd76fd1f0a6a04620753d9a6bcfd0a4d",
                "sha256:127f76864468d6630e1b453d3ffbbd04b024c674f55cf0a30dc2595137892d37",
                "sha256:1471cee35eba321827d7d53d104e7b8c593ea3ad376aa2df89533ce8e1b24a01",
                "sha256:2363c35637d2d9d6f26f60a208819e7eafc4305ce39dc1d5005eccc4593331c2",
                "sha256:2e5cc908fe43fe1aa299e58046ad66981131a66aea3129aac7770c37f590a644",
                "sha256:2e6fd1b8acd005bd71e6c94f30c055594bbd0aa02ef51a22bbfa961ab63b2d75",
                "sha256:366cb750140f221523fa062d641393092813b81e15d0e25d9f7c6025f910ee80",
                "sha256:42ebca24ba2a21065fb546f3e6bd0c58c3fe9ac298f3a320147029a4850f51a2",
                "sha256:4e751e77006da34643ab782e4a5cc21ea7b755551db202bc4d3a423b307db780",
                "sha256:4fb85c447e288df535b17ebdebf0ec1cf3a3f1a8eba7e79169f4f37af43c6b98",
                "sha256:50c348995b47b5a4e330362cf39fc503b4a43b14a91c34c83b955e1805c8e308",
                "sha256:535332fe9d00c3cd455bd3dd7d4bacab86e2d564bdf7606079160fa6251caacf",
                "sha256:535f067002b0fd1a4e5296a8f1bf88193080ff992a195e66964ef2a6cfec5388",
                "sha256:5be4a2e212bb6aa045e37f7d48e3e1e4b6fd259882ed5a00786f82e8c37ce77d",
                "sha256:60a20bfc3bd234d54d49c388950195d23a5583d4108e1a1d47c9eef8d8c042b3",
                "sha256:648914abafe67f11be7d93c1a546068f8eff3c5fa938e1f94509e4a5d682b2d8",
                "sha256:681d75e1a38a69f1e64ab82fe4b1ed3fd758717bed735fb9aeaa124143f051af",
                "sha256:68a5d77e440df94011214b7db907ec8f19e439507a70c958f750c18d88f995d2",
                "sha256:69a63f83e88138ab7642d8f61418cf3180a4d8cd13995df87725cb8b893e950e",
                "sha256:6e4183800f16f3679076dfa8abf2db3083919d7e30764a069fb66b2b9eff9939",
                "sha256:6fd8d5903c2e53f49e99359b063df27fdf7acb89a52b6a12494208bf61345a03",
                "sha256:791394449e98243839fa822a637177dd42a95f4883ad3dec2a0ce6ac99fb0a9d",
                "sha256:7a7669ff50f41225ca5d6ee0a1ec8413f3a0d8aa2b109f86d540887b7ec0d72a",
                "sha256:7e9eac1e526386df7c70ef253b792a0a12dd86d833b1d329e038c7a235dfceb5",
                "sha256:7ee8af0b9f7de635c61cdd5b8534b76c52cd03536f29f51151b377f76e214a1a",
                "sha256:8246f30ca34dc712ab07e51dc34fea883c00b7ccb0e614651e49da2c49a30711",
                "sha256:8c88b599e226994ad4db29d93bc149aa1aff3dc3a4355dd5757569ba78632bdf",
                "sha256:923963e989ffbceaa210ac37afc9b906acebe945d2723e9679b643513837b089",
                "sha256:94d55bd03d8671686e3f012577d9caa5421a07286dd351dfef64791cf7c6c505",
                "sha256:97db258793d193c7b62d4e2586c6ed98d51086e93f9a3af2b2034af01450a74b",
                "sha256:a9d6bc8642e2c67db33f1247a77c53476f3a166e09067c0474facb045756087f",
                "sha256:cd11c7e8d21af997ee8079037fff88f16fda188a9776eb4b81c7e4c9c0a7d7fc",
                "sha256:d8d3d4713f0c28bdc6c806a278d998546e8efc3498949e3ace6e117462ac0a5e",
                "sha256:e0bfe9bb028974a481410432dbe1b182e8191d5d40382e5b8ff39cdd2e5c5931",
                "sha256:f4822c0660c3754f1a41a655e37cb4dbbc9be3d35b125a37fab6f82d47674ebc",
                "sha256:f83d281bb2a6217cd806f4cf0ddded436790e66f393e124dfe9731f6b3fb9afe",
                "sha256:fc37870d6716b137e80d19241d0e2cff7a7643b925dfa49b4c8ebd1295eb506e"
            ],
            "index": "pypi",
            "version": "==4.6.2"
        },
        "markupsafe": {
            "hashes": [
                "sha256:00bc623926325b26bb9605ae9eae8a215691f33cae5df11ca5424f06f2d1f473",
                "sha256:09027a7803a62ca78792ad89403b1b7a73a01c8cb65909cd876f7fcebd79b161",
                "sha256:09c4b7f37d6c648cb13f9230d847adf22f8171b1ccc4d5682398e77f40309235",
                "sha256:1027c282dad077d0bae18be6794e6b6b8c91d58ed8a8d89a89d59693b9131db5",
                "sha256:13d3144e1e340870b25e7b10b98d779608c02016d5184cfb9927a9f10c689f42",
                "sha256:195d7d2c4fbb0ee8139a6cf67194f3973a6b3042d742ebe0a9ed36d8b6f0c07f",
                "sha256:22c178a091fc6630d0d045bdb5992d2dfe14e3259760e713c490da5323866c39",
                "sha256:24982cc2533820871eba85ba648cd53d8623687ff11cbb805be4ff7b4c971aff",
                "sha256:29872e92839765e546828bb7754a68c418d927cd064fd4708fab9fe9c8bb116b",
                "sha256:2beec1e0de6924ea551859edb9e7679da6e4870d32cb766240ce17e0a0ba2014",
                "sha256:3b8a6499709d29c2e2399569d96719a1b21dcd94410a586a18526b143ec8470f",
                "sha256:43a55c2930bbc139570ac2452adf3d70cdbb3cfe5912c71cdce1c2c6bbd9c5d1",
                "sha256:46c99d2de99945ec5cb54f23c8cd5689f6d7177305ebff350a58ce5f8de1669e",
                "sha256:500d4957e52ddc3351cabf489e79c91c17f6e0899158447047588650b5e69183",
                "sha256:535f6fc4d397c1563d08b88e485c3496cf5784e927af890fb3c3aac7f933ec66",
                "sha256:596510de112c685489095da617b5bcbbac7dd6384aeebeda4df6025d0256a81b",
                "sha256:62fe6c95e3ec8a7fad637b7f3d372c15ec1caa01ab47926cfdf7a75b40e0eac1",
                "sha256:6788b695d50a51edb699cb55e35487e430fa21f1ed838122d722e0ff0ac5ba15",
                "sha256:6dd73240d2af64df90aa7c4e7481e23825ea70af4b4922f8ede5b9e35f78a3b1",
                "sha256:6f1e273a344928347c1290119b493a1f0303c52f5a5eae5f16d74f48c15d4a85",
                "sha256:6fffc775d90dcc9aed1b89219549b329a9250d918fd0b8fa8d93d154918422e1",
                "sha256:717ba8fe3ae9cc0006d7c451f0bb265ee07739daf76355d06366154ee68d221e",
                "sha256:79855e1c5b8da654cf486b830bd42c06e8780cea587384cf6545b7d9ac013a0b",
                "sha256:7c1699dfe0cf8ff607dbdcc1e9b9af1755371f92a68f706051cc8c37d447c905",
                "sha256:7fed13866cf14bba33e7176717346713881f56d9d2bcebab207f7a036f41b850",
                "sha256:84dee80c15f1b560d55bcfe6d47b27d070b4681c699c572af2e3c7cc90a3b8e0",
                "sha256:88e5fcfb52ee7b911e8bb6d6aa2fd21fbecc674eadd44118a9cc3863f938e735",
                "sha256:8defac2f2ccd6805ebf65f5eeb132adcf2ab57aa11fdf4c0dd5169a004710e7d",
                "sha256:98bae9582248d6cf62321dcb52aaf5d9adf0bad3b40582925ef7c7f0ed85fceb",
                "sha256:98c7086708b163d425c67c7a91bad6e466bb99d797aa64f965e9d25c12111a5e",
                "sha256:9add70b36c5666a2ed02b43b335fe19002ee5235efd4b8a89bfcf9005bebac0d",
                "sha256:9bf40443012702a1d2070043cb6291650a0841ece432556f784f004937f0f32c",
                "sha256:a6a744282b7718a2a62d2ed9d993cad6f5f585605ad352c11de459f4108df0a1",
                "sha256:acf08ac40292838b3cbbb06cfe9b2cb9ec78fce8baca31ddb87aaac2e2dc3bc2",
                "sha256:ade5e387d2ad0d7ebf59146cc00c8044acbd863725f887353a10df825fc8ae21",
                "sha256:b00c1de48212e4cc9603895652c5c410df699856a2853135b3967591e4beebc2",
                "sha256:b1282f8c00509d99fef04d8ba936b156d419be841854fe901d8ae224c59f0be5",
                "sha256:b1dba4527182c95a0db8b6060cc98ac49b9e2f5e64320e2b56e47cb2831978c7",
                "sha256:b2051432115498d3562c084a49bba65d97cf251f5a331c64a12ee7e04dacc51b",
                "sha256:b7d644ddb4dbd407d31ffb699f1d140bc35478da613b441c582aeb7c43838dd8",
                "sha256:ba59edeaa2fc6114428f1637ffff42da1e311e29382d81b339c1817d37ec93c6",
                "sha256:bf5aa3cbcfdf57fa2ee9cd1822c862ef23037f5c832ad09cfea57fa846dec193",
                "sha256:c8716a48d94b06bb3b2524c2b77e055fb313aeb4ea620c8dd03a105574ba704f",
                "sha256:caabedc8323f1e93231b52fc32bdcde6db817623d33e100708d9a68e1f53b26b",
                "sha256:cd5df75523866410809ca100dc9681e301e3c27567cf498077e8551b6d20e42f",
                "sha256:cdb132fc825c38e1aeec2c8aa9338310d29d337bebbd7baa06889d09a60a1fa2",
                "sha256:d53bc011414228441014aa71dbec320c66468c1030aae3a6e29778a3382d96e5",
                "sha256:d73a845f227b0bfe8a7455ee623525ee656a9e2e749e4742706d80a6065d5e2c",
                "sha256:d9be0ba6c527163cbed5e0857c451fcd092ce83947944d6c14bc95441203f032",
                "sha256:e249096428b3ae81b08327a63a485ad0878de3fb939049038579ac0ef61e17e7",
                "sha256:e8313f01ba26fbbe36c7be1966a7b7424942f670f38e666995b88d012765b9be",
                "sha256:feb7b34d6325451ef96bc0e36e1a6c0c1c64bc1fbec4b854f4529e51887b1621"
            ],
            "markers": "python_version >= '2.7' and python_version not in '3.0, 3.1, 3.2, 3.3'",
            "version": "==1.1.1"
        },
        "munch": {
            "hashes": [
                "sha256:2d735f6f24d4dba3417fa448cae40c6e896ec1fdab6cdb5e6510999758a4dbd2",
                "sha256:6f44af89a2ce4ed04ff8de41f70b226b984db10a91dcc7b9ac2efc1c77022fdd"
            ],
            "version": "==2.5.0"
        },
        "numpy": {
            "hashes": [
                "sha256:0d28a54afcf46f1f9ebd163e49ad6b49087f22986fefd01a23ca0c1cdda25ca6",
                "sha256:1264c66129f5ef63187649dd43f1ca59532e8c098723643336a85131c0dcce3f",
                "sha256:1abc02e30e3efd81a4571e00f8e62bf42e343c76698e0a3e11d9c2b3ee0d77a7",
                "sha256:2445a96fbae23a4109c61be0f0af0f3bc273905dc5687a710850c1dfde0fc994",
                "sha256:2bf0e68c92ef077fe766e53f8937d8ac341bdbca68ec128ae049b7d5c34e3206",
                "sha256:33edfc0eb229f86f539493917b34035054313a11afbed48404aaf9f86bf4b0f6",
                "sha256:3d8233c03f116d068d5365fed4477f2947c7229582dad81e5953088989294cec",
                "sha256:4d592264d2a4f368afbb4288b5ceb646d4cbaf559c0249c096fbb0a149806b90",
                "sha256:5ae765dd29c71a555f8102281f6fb15a3f4dbd35f6e7daf36af9df6d9dd716a5",
                "sha256:894aaee60043a98b03f0ad992c810f62e3a15f98a701e1c0f58a4f4a0df13429",
                "sha256:89bd70c9ad540febe6c28451ba225eb4e49d27f64728357f512c808002325dfa",
                "sha256:93c2abea7bb69f47029b84ceac30ab46dfcfdb99b671ad850a333ff794a765e4",
                "sha256:abdfa075e293d73638ece434708aa60b510dc6e70d805f57f481a0f550b25a9e",
                "sha256:afeee581b50df20ef07b736e62ca612858f1fcdba96651d26ab44e3d567a4e6e",
                "sha256:b51b9ef0624f4b01b846c981034c10d2e30db33f9f8be71e992f3900741f6f77",
                "sha256:b66a6c15d793eda7cdad986e737775aa31b9306d588c14dd0277d2dda5546150",
                "sha256:cb257bb0c0a3176c32782a63cfab2eace7eabfa2a3b2dfd85a13700617ccaf28",
                "sha256:cf5d9dcbdbe523fa665c5309cce5f144648d94a7fddbf5a40f8e0d5c9f5b596d",
                "sha256:d1bc331e1706fd1809a1bc8a31205329e5b30cf5ba50461c624da267e99f6ae6",
                "sha256:db5e69d08756a2fa75a42b4e433880b6187768fe1bc73d21819def893e5128c6",
                "sha256:e3db646af9f6a145f0c57202f4b55d4a33f975e395e78fb7b394644c17c1a3a6",
                "sha256:e9c5fd330d2fedf06051bafb996252de9b032fcb2ec03eefc9a543e56efa66d4",
                "sha256:eee454d3aa3955d0c0069a0f265fea47f1e1384c35a110a95efed358eb6e1562",
                "sha256:f1e9424e9aa3834ea27cc12f9c6ea8ace5da18ee60a720bb3a85b2f733f41782"
            ],
            "index": "pypi",
            "version": "==1.20.0"
        },
        "pandas": {
            "hashes": [
                "sha256:050ed2c9d825ef36738e018454e6d055c63d947c1d52010fbadd7584f09df5db",
                "sha256:055647e7f4c5e66ba92c2a7dcae6c2c57898b605a3fb007745df61cc4015937f",
                "sha256:23ac77a3a222d9304cb2a7934bb7b4805ff43d513add7a42d1a22dc7df14edd2",
                "sha256:2de012a36cc507debd9c3351b4d757f828d5a784a5fc4e6766eafc2b56e4b0f5",
                "sha256:30e9e8bc8c5c17c03d943e8d6f778313efff59e413b8dbdd8214c2ed9aa165f6",
                "sha256:324e60bea729cf3b55c1bf9e88fe8b9932c26f8669d13b928e3c96b3a1453dff",
                "sha256:37443199f451f8badfe0add666e43cdb817c59fa36bceedafd9c543a42f236ca",
                "sha256:47ec0808a8357ab3890ce0eca39a63f79dcf941e2e7f494470fe1c9ec43f6091",
                "sha256:496fcc29321e9a804d56d5aa5d7ec1320edfd1898eee2f451aa70171cf1d5a29",
                "sha256:50e6c0a17ef7f831b5565fd0394dbf9bfd5d615ee4dd4bb60a3d8c9d2e872323",
                "sha256:5527c5475d955c0bc9689c56865aaa2a7b13c504d6c44f0aadbf57b565af5ebd",
                "sha256:57d5c7ac62925a8d2ab43ea442b297a56cc8452015e71e24f4aa7e4ed6be3d77",
                "sha256:9d45f58b03af1fea4b48e44aa38a819a33dccb9821ef9e1d68f529995f8a632f",
                "sha256:b26e2dabda73d347c7af3e6fed58483161c7b87a886a4e06d76ccfe55a044aa9",
                "sha256:cfd237865d878da9b65cfee883da5e0067f5e2ff839e459466fb90565a77bda3",
                "sha256:d7cca42dba13bfee369e2944ae31f6549a55831cba3117e17636955176004088",
                "sha256:fe7de6fed43e7d086e3d947651ec89e55ddf00102f9dd5758763d56d182f0564"
            ],
            "index": "pypi",
            "version": "==1.2.1"
        },
        "plotly": {
            "hashes": [
                "sha256:7d8aaeed392e82fb8e0e48899f2d3d957b12327f9d38cdd5802bc574a8a39d91",
                "sha256:d68fc15fcb49f88db27ab3e0c87110943e65fee02a47f33a8590f541b3042461"
            ],
            "version": "==4.14.3"
        },
        "pyproj": {
            "hashes": [
                "sha256:0e9c7a56ceb3a65d23a99b839ee846817d367c2f3c066b7687e78d9642331b3a",
                "sha256:1974506d59f3cf57bdb05aabace43ed8dcbb9822373bfc7b4e85b9458ea22007",
                "sha256:1b09aa6a75c66fc7eaa0b48fadaaa5f831f4621b2c8d4c692cf1f21597200467",
                "sha256:1c4002dc1d06f750da80a63528195e0f4c18b466470ee8b3911bfadec0689036",
                "sha256:2efc593fb610654ff002c6e48dde11a430d997c2c7f2e5a26793e93b58a2f137",
                "sha256:4098c6245af35bc08c94d0569e3f4072520735c8fb6d484da26ac12de90d1461",
                "sha256:4b49aad9ef82cb9d1768af3381a6691e7d011cacfea7914cab15a029f3d48197",
                "sha256:57f35a708e10e5f24fec6f02643559bdcfcbeb757d5d1dc03049b818525002d3",
                "sha256:5f99e5f9303fcd30ee958a2dc5c50ead33523fc2e3d1b789f244047f7e348d8e",
                "sha256:608a09a4b739742ebe10a2c6f3d33f1e22a26d7763c1005ebd63cb00169b5112",
                "sha256:657df773781d80d122e7d040464c17a004cdd7338739b8b24321ae3dbd872427",
                "sha256:6c5c2f3a42d7ec4315207756fa22d94c2f1d44974a897d95fd0ae50c6275b10f",
                "sha256:6d76793b507341b29ca8d17da76c3f047e936f65728a7a5a549fb8e55b42a21b",
                "sha256:73d495eca7ba83d9ea32b08cf86f65cbc2292cd2d889a2229bac4a56a32f2d5b",
                "sha256:839c7c4478073c1e5109674d61edf0450e61e4317aabcd4f12e349be14eeeff9",
                "sha256:8ba718f552e69073105021fd7b5ceb2189d4376e66d519c3b4cf0f1aed6a54d3",
                "sha256:8d3e61c59e624e76d9f26909ff6b50b04d0328ff7431ff7ec123d8b762d51998",
                "sha256:a49581629cadd29e61fc061d153a4d62ff28b4063c71fe8ca881eeb98cd22017",
                "sha256:a917e1d22e7a195edb06a7345c65e608b401fceead8dc96c49a00d06ff2f5e12",
                "sha256:ab1b3af7ba2d06e45486d80967ad83028a252b15566cc326ae40ed067e0167cc",
                "sha256:b845c6fbeae886ae4f06460ee35f9ae8526e5dc92c5db71bc575f0f836e2c11c",
                "sha256:c3388bd9b23a5dab4d81331a3e9cde409c9f2bf2ce3f2c125a797000215c0062",
                "sha256:cc0bac8f6fb46441f8b472cdad6c4809898c7f90f4f043420eee27e44f49b4e9",
                "sha256:cdd6afc4a96aa69c605cd26d139714f3d0d51f2e50de308a4cfa04d8df9791d4",
                "sha256:f9bfbadd28d258801853b2ea309f2d37c289a476a7eb08b4212f83627da52d60",
                "sha256:ff0ab697e710772ace753b6d72f017e013dd9d5aa0878406cc25d02c75c12963"
            ],
            "markers": "python_version >= '3.6'",
            "version": "==3.0.0.post1"
        },
        "python-dateutil": {
            "hashes": [
                "sha256:73ebfe9dbf22e832286dafa60473e4cd239f8592f699aa5adaf10050e6e1823c",
                "sha256:75bb3f31ea686f1197762692a9ee6a7550b59fc6ca3a1f4b5d7e32fb98e2da2a"
            ],
            "index": "pypi",
            "version": "==2.8.1"
        },
        "pytz": {
            "hashes": [
                "sha256:83a4a90894bf38e243cf052c8b58f381bfe9a7a483f6a9cab140bc7f702ac4da",
                "sha256:eb10ce3e7736052ed3623d49975ce333bcd712c7bb19a58b9e2089d4057d0798"
            ],
            "version": "==2021.1"
        },
        "retrying": {
            "hashes": [
                "sha256:08c039560a6da2fe4f2c426d0766e284d3b736e355f8dd24b37367b0bb41973b"
            ],
            "version": "==1.3.3"
        },
        "shapely": {
            "hashes": [
                "sha256:052eb5b9ba756808a7825e8a8020fb146ec489dd5c919e7d139014775411e688",
                "sha256:1641724c1055459a7e2b8bbe47ba25bdc89554582e62aec23cb3f3ca25f9b129",
                "sha256:17df66e87d0fe0193910aeaa938c99f0b04f67b430edb8adae01e7be557b141b",
                "sha256:182716ffb500d114b5d1b75d7fd9d14b7d3414cef3c38c0490534cc9ce20981a",
                "sha256:2df5260d0f2983309776cb41bfa85c464ec07018d88c0ecfca23d40bfadae2f1",
                "sha256:35be1c5d869966569d3dfd4ec31832d7c780e9df760e1fe52131105685941891",
                "sha256:46da0ea527da9cf9503e66c18bab6981c5556859e518fe71578b47126e54ca93",
                "sha256:4c10f317e379cc404f8fc510cd9982d5d3e7ba13a9cfd39aa251d894c6366798",
                "sha256:4f3c59f6dbf86a9fc293546de492f5e07344e045f9333f3a753f2dda903c45d1",
                "sha256:60e5b2282619249dbe8dc5266d781cc7d7fb1b27fa49f8241f2167672ad26719",
                "sha256:617bf046a6861d7c6b44d2d9cb9e2311548638e684c2cd071d8945f24a926263",
                "sha256:6593026cd3f5daaea12bcc51ae5c979318070fefee210e7990cb8ac2364e79a1",
                "sha256:6871acba8fbe744efa4f9f34e726d070bfbf9bffb356a8f6d64557846324232b",
                "sha256:791477edb422692e7dc351c5ed6530eb0e949a31b45569946619a0d9cd5f53cb",
                "sha256:8e7659dd994792a0aad8fb80439f59055a21163e236faf2f9823beb63a380e19",
                "sha256:8f15b6ce67dcc05b61f19c689b60f3fe58550ba994290ff8332f711f5aaa9840",
                "sha256:90a3e2ae0d6d7d50ff2370ba168fbd416a53e7d8448410758c5d6a5920646c1d",
                "sha256:a3774516c8a83abfd1ddffb8b6ec1b0935d7fe6ea0ff5c31a18bfdae567b4eba",
                "sha256:a5c3a50d823c192f32615a2a6920e8c046b09e07a58eba220407335a9cd2e8ea",
                "sha256:b40cc7bb089ae4aa9ddba1db900b4cd1bce3925d2a4b5837b639e49de054784f",
                "sha256:da38ed3d65b8091447dc3717e5218cc336d20303b77b0634b261bc5c1aa2bae8",
                "sha256:de618e67b64a51a0768d26a9963ecd7d338a2cf6e9e7582d2385f88ad005b3d1",
                "sha256:e3afccf0437edc108eef1e2bb9cc4c7073e7705924eb4cd0bf7715cd1ef0ce1b"
            ],
            "version": "==1.7.1"
        },
        "six": {
            "hashes": [
                "sha256:30639c035cdb23534cd4aa2dd52c3bf48f06e5f4a941509c8bafd8ce11080259",
                "sha256:8b74bedcbbbaca38ff6d7491d76f2b06b3592611af620f8426e82dddb04a5ced"
            ],
            "markers": "python_version >= '2.7' and python_version not in '3.0, 3.1, 3.2, 3.3'",
            "version": "==1.15.0"
        },
        "werkzeug": {
            "hashes": [
                "sha256:2de2a5db0baeae7b2d2664949077c2ac63fbd16d98da0ff71837f7d1dea3fd43",
                "sha256:6c80b1e5ad3665290ea39320b91e1be1e0d5f60652b964a3070216de83d2e47c"
            ],
            "markers": "python_version >= '2.7' and python_version not in '3.0, 3.1, 3.2, 3.3, 3.4'",
            "version": "==1.0.1"
        },
        "wtforms": {
            "hashes": [
                "sha256:7b504fc724d0d1d4d5d5c114e778ec88c37ea53144683e084215eed5155ada4c",
                "sha256:81195de0ac94fbc8368abbaf9197b88c4f3ffd6c2719b5bf5fc9da744f3d829c"
            ],
            "version": "==2.3.3"
        }
    },
    "develop": {}
}
